// !$*UTF8*$!
{
	archiveVersion = 1;
	classes = {
	};
	objectVersion = 63;
	objects = {

/* Begin PBXBuildFile section */
		0D239C1B547710C4FA954230 /* DateFormatting.swift in Sources */ = {isa = PBXBuildFile; fileRef = B4EA7AADC3C353E1DD9387FB /* DateFormatting.swift */; };
		17749D069276486385764283 /* PortionCalculator.swift in Sources */ = {isa = PBXBuildFile; fileRef = BD603BE224595B63568FECFB /* PortionCalculator.swift */; };
		1AAAB9ED2C30C0C48A90DADC /* ActivityHistoryView.swift in Sources */ = {isa = PBXBuildFile; fileRef = BBF932E784289EC04B755212 /* ActivityHistoryView.swift */; };
		238F5D2FC1A54A459DBC6004 /* BrandSeedData.swift in Sources */ = {isa = PBXBuildFile; fileRef = C6AB6D24AED64876A85FA43B /* BrandSeedData.swift */; };
		272D38949B8C41491A7AA538 /* ActivitySession.swift in Sources */ = {isa = PBXBuildFile; fileRef = 7450F1D65498198AD0B8B8F7 /* ActivitySession.swift */; };
		34F20DA548963E711345C1EC /* ActionButton.swift in Sources */ = {isa = PBXBuildFile; fileRef = F133E527F53400CD130D9F78 /* ActionButton.swift */; };
		3704029EC126CC989D329E6B /* BrandSplashView.swift in Sources */ = {isa = PBXBuildFile; fileRef = 10C4BECA82F6C6719D7226D8 /* BrandSplashView.swift */; };
		3BA5ACDFBC1E1F6C3C812B0B /* CatCard.swift in Sources */ = {isa = PBXBuildFile; fileRef = C12D2BAECD9F7A7C87310966 /* CatCard.swift */; };
		428253AFABC7DC3D89DD9FE9 /* BrandActivationParamsTests.swift in Sources */ = {isa = PBXBuildFile; fileRef = 9046DA2386FA3A8E6F64E7CA /* BrandActivationParamsTests.swift */; };
		462A6CFD2F15AE4300753A47 /* AdminHubView.swift in Sources */ = {isa = PBXBuildFile; fileRef = EAB502E9D43A498DAD2EA4E7 /* AdminHubView.swift */; };
		462A6CFE2F15AE4300753A47 /* QRCodeGeneratorView.swift in Sources */ = {isa = PBXBuildFile; fileRef = 5E0864B2DA3F4F8E85F46C6E /* QRCodeGeneratorView.swift */; };
		462A6CFF2F15AE4300753A47 /* AnalyticsDashboardView.swift in Sources */ = {isa = PBXBuildFile; fileRef = 94503218F0B04C9FB46AB6B3 /* AnalyticsDashboardView.swift */; };
		462A6D002F15AE4300753A47 /* BrandSeedData.swift in Sources */ = {isa = PBXBuildFile; fileRef = C6AB6D24AED64876A85FA43B /* BrandSeedData.swift */; };
		462A6D012F15AE4300753A47 /* BrandSwitcherView.swift in Sources */ = {isa = PBXBuildFile; fileRef = E3819823577F463BBE1ABD02 /* BrandSwitcherView.swift */; };
		462A6D022F15AE4300753A47 /* Retailer.swift in Sources */ = {isa = PBXBuildFile; fileRef = 0EB6B7E228A646C0A64C4DBB /* Retailer.swift */; };
		462A6D032F15AE4300753A47 /* ReorderView.swift in Sources */ = {isa = PBXBuildFile; fileRef = 35089827C47549CBA4E45EAB /* ReorderView.swift */; };
		48EFEF236FE3266C660D418A /* StatCard.swift in Sources */ = {isa = PBXBuildFile; fileRef = BA8A4B2B4AE58000B2D8667C /* StatCard.swift */; };
		49F3D250C843C82547B79E7C /* CatDetailView.swift in Sources */ = {isa = PBXBuildFile; fileRef = 0CE753AB985E15A339BAD7C5 /* CatDetailView.swift */; };
		4A183D2E26344E1B9CEEDB1B /* BrandSwitcherView.swift in Sources */ = {isa = PBXBuildFile; fileRef = E3819823577F463BBE1ABD02 /* BrandSwitcherView.swift */; };
		4A872B9A717C0CB1D3CF8116 /* CatModelTests.swift in Sources */ = {isa = PBXBuildFile; fileRef = 6291211E05FA6DE8E2D768C3 /* CatModelTests.swift */; };
		5382C1C8D883432E3257B11A /* PortionCalculatorTests.swift in Sources */ = {isa = PBXBuildFile; fileRef = 790D613F60430339BA83D7B5 /* PortionCalculatorTests.swift */; };
		596EAC61B8DEDE46A02408A0 /* CatWeightLossTests.swift in Sources */ = {isa = PBXBuildFile; fileRef = 2810795617DAC3DF5F2156F8 /* CatWeightLossTests.swift */; };
		604B9F705E105A910B36B32D /* BrandConfiguration.swift in Sources */ = {isa = PBXBuildFile; fileRef = CD44C49B4CBF637A06CBD070 /* BrandConfiguration.swift */; };
		6B4B3D477215503102302043 /* AnonymousMetric.swift in Sources */ = {isa = PBXBuildFile; fileRef = 6BD4D371D2037F775E614F21 /* AnonymousMetric.swift */; };
		75617A34CD43B05A29493BE6 /* Cat.swift in Sources */ = {isa = PBXBuildFile; fileRef = 7506E9F2586DE967B4328744 /* Cat.swift */; };
		780B95BB905F49FA9CCE2F16 /* ReorderView.swift in Sources */ = {isa = PBXBuildFile; fileRef = 35089827C47549CBA4E45EAB /* ReorderView.swift */; };
		7B095C263BC13129FD9113B3 /* QuickSetupView.swift in Sources */ = {isa = PBXBuildFile; fileRef = 6E2B32D62D94C6C686AC87E6 /* QuickSetupView.swift */; };
		7E0CA0BF0A3BA0D61C6D1A95 /* FeedingSchedule.swift in Sources */ = {isa = PBXBuildFile; fileRef = 9E8A8ED42B05F4738BC8D6F9 /* FeedingSchedule.swift */; };
		7F7813F6985D42EB67220674 /* ActivityLogView.swift in Sources */ = {isa = PBXBuildFile; fileRef = 34F26D164434411BDCF654B6 /* ActivityLogView.swift */; };
		861DCE475B0B16A9948EF236 /* DatabaseErrorView.swift in Sources */ = {isa = PBXBuildFile; fileRef = 118CC865A866409AC112A73F /* DatabaseErrorView.swift */; };
		89C8085AAD79798A66D2CC04 /* CatWeightLossApp.swift in Sources */ = {isa = PBXBuildFile; fileRef = B911CFAE8B28CDC4D5C778D5 /* CatWeightLossApp.swift */; };
		92914C87D6F759E541CEC603 /* WeightTrendIndicator.swift in Sources */ = {isa = PBXBuildFile; fileRef = 02677A0ABD6F050D60D67BE2 /* WeightTrendIndicator.swift */; };
		9BD34A1F502DD68EFD7E6087 /* Enums.swift in Sources */ = {isa = PBXBuildFile; fileRef = 171E684AD5B0DF895C89B2F9 /* Enums.swift */; };
		9D612D1BF954466792B7135A /* AdminHubView.swift in Sources */ = {isa = PBXBuildFile; fileRef = EAB502E9D43A498DAD2EA4E7 /* AdminHubView.swift */; };
		A1B2C3D4E5F64789ABCD1234 /* AnalyticsDashboardView.swift in Sources */ = {isa = PBXBuildFile; fileRef = D4E5F6A7B8C9D0E1F2A3B4C5 /* AnalyticsDashboardView.swift */; };
		A27838F488E118A6A7FED429 /* WeightHistoryView.swift in Sources */ = {isa = PBXBuildFile; fileRef = 329911AE9966A1FB69973795 /* WeightHistoryView.swift */; };
		A682144AA75ABBD8D3078688 /* ProgressRing.swift in Sources */ = {isa = PBXBuildFile; fileRef = 839B0D4F02271B400A10D7B3 /* ProgressRing.swift */; };
		A9A754D1398BE14512FE7D85 /* FoodSKU.swift in Sources */ = {isa = PBXBuildFile; fileRef = F5277E209FCD71803BE7BB86 /* FoodSKU.swift */; };
		AB89F06219D74F45A59B2195 /* Retailer.swift in Sources */ = {isa = PBXBuildFile; fileRef = 0EB6B7E228A646C0A64C4DBB /* Retailer.swift */; };
		ADC329558B1F8568CC9E1F21 /* FeedingPlanView.swift in Sources */ = {isa = PBXBuildFile; fileRef = 55C73EB961BE3E4C15CB0987 /* FeedingPlanView.swift */; };
		B255C9952B4F3A37A27CFB2D /* AnonymousMetricTests.swift in Sources */ = {isa = PBXBuildFile; fileRef = D0FA20D9689FC4C04AABAF3C /* AnonymousMetricTests.swift */; };
		BAB7C0F800B7BF5C0C3C394A /* WeightEntry.swift in Sources */ = {isa = PBXBuildFile; fileRef = D0B122CAFB3264DBCAD69ABF /* WeightEntry.swift */; };
		CC59D9EE7489BA847FF05918 /* PortionCalculatorView.swift in Sources */ = {isa = PBXBuildFile; fileRef = D73E85C43A9D366598DA75D7 /* PortionCalculatorView.swift */; };
		DC3B15FB1716CED8DCE31B37 /* WeightChartView.swift in Sources */ = {isa = PBXBuildFile; fileRef = 37374614D6001E15D3988D72 /* WeightChartView.swift */; };
		E63A13F534A6416D8D904B2B /* AnalyticsDashboardView.swift in Sources */ = {isa = PBXBuildFile; fileRef = 94503218F0B04C9FB46AB6B3 /* AnalyticsDashboardView.swift */; };
		EB4716863F7E7C94F6EFF325 /* Assets.xcassets in Resources */ = {isa = PBXBuildFile; fileRef = 6F24D6CE4EEA788E90CAED3B /* Assets.xcassets */; };
		EF40AFAB64F5BDA50219FE09 /* MetricsAggregator.swift in Sources */ = {isa = PBXBuildFile; fileRef = AE9F11D7A92004DB83BB7221 /* MetricsAggregator.swift */; };
		F00044275E89D501DE4894DD /* BrandConfigService.swift in Sources */ = {isa = PBXBuildFile; fileRef = F3D03BDFE2641262C8C79825 /* BrandConfigService.swift */; };
		F10ABFAD27893B452EA1645E /* WeightLogView.swift in Sources */ = {isa = PBXBuildFile; fileRef = B763D5237CDC1F7F4F7FB32A /* WeightLogView.swift */; };
		FD43A0DA71C69F782BE19576 /* ViewModifiers.swift in Sources */ = {isa = PBXBuildFile; fileRef = 0142F7BDCD86E4B59B3D5080 /* ViewModifiers.swift */; };
		FD4F2FC910AC432FA97A16D4 /* QRCodeGeneratorView.swift in Sources */ = {isa = PBXBuildFile; fileRef = 5E0864B2DA3F4F8E85F46C6E /* QRCodeGeneratorView.swift */; };
/* End PBXBuildFile section */

/* Begin PBXContainerItemProxy section */
		A5BF8E3B041942FA9910A474 /* PBXContainerItemProxy */ = {
			isa = PBXContainerItemProxy;
			containerPortal = 52A4286902BBB2EF28215798 /* Project object */;
			proxyType = 1;
			remoteGlobalIDString = 699F0D6FBABCA3EAD0B1DDFC;
			remoteInfo = CatWeightLoss;
		};
/* End PBXContainerItemProxy section */

/* Begin PBXFileReference section */
		0142F7BDCD86E4B59B3D5080 /* ViewModifiers.swift */ = {isa = PBXFileReference; lastKnownFileType = sourcecode.swift; path = ViewModifiers.swift; sourceTree = "<group>"; };
		02677A0ABD6F050D60D67BE2 /* WeightTrendIndicator.swift */ = {isa = PBXFileReference; lastKnownFileType = sourcecode.swift; path = WeightTrendIndicator.swift; sourceTree = "<group>"; };
		0CE753AB985E15A339BAD7C5 /* CatDetailView.swift */ = {isa = PBXFileReference; lastKnownFileType = sourcecode.swift; path = CatDetailView.swift; sourceTree = "<group>"; };
		0EB6B7E228A646C0A64C4DBB /* Retailer.swift */ = {isa = PBXFileReference; lastKnownFileType = sourcecode.swift; path = Retailer.swift; sourceTree = "<group>"; };
		10C4BECA82F6C6719D7226D8 /* BrandSplashView.swift */ = {isa = PBXFileReference; lastKnownFileType = sourcecode.swift; path = BrandSplashView.swift; sourceTree = "<group>"; };
		118CC865A866409AC112A73F /* DatabaseErrorView.swift */ = {isa = PBXFileReference; lastKnownFileType = sourcecode.swift; path = DatabaseErrorView.swift; sourceTree = "<group>"; };
		171E684AD5B0DF895C89B2F9 /* Enums.swift */ = {isa = PBXFileReference; lastKnownFileType = sourcecode.swift; path = Enums.swift; sourceTree = "<group>"; };
		2810795617DAC3DF5F2156F8 /* CatWeightLossTests.swift */ = {isa = PBXFileReference; lastKnownFileType = sourcecode.swift; path = CatWeightLossTests.swift; sourceTree = "<group>"; };
		329911AE9966A1FB69973795 /* WeightHistoryView.swift */ = {isa = PBXFileReference; lastKnownFileType = sourcecode.swift; path = WeightHistoryView.swift; sourceTree = "<group>"; };
		34F26D164434411BDCF654B6 /* ActivityLogView.swift */ = {isa = PBXFileReference; lastKnownFileType = sourcecode.swift; path = ActivityLogView.swift; sourceTree = "<group>"; };
		35089827C47549CBA4E45EAB /* ReorderView.swift */ = {isa = PBXFileReference; lastKnownFileType = sourcecode.swift; path = ReorderView.swift; sourceTree = "<group>"; };
		37374614D6001E15D3988D72 /* WeightChartView.swift */ = {isa = PBXFileReference; lastKnownFileType = sourcecode.swift; path = WeightChartView.swift; sourceTree = "<group>"; };
		55C73EB961BE3E4C15CB0987 /* FeedingPlanView.swift */ = {isa = PBXFileReference; lastKnownFileType = sourcecode.swift; path = FeedingPlanView.swift; sourceTree = "<group>"; };
		5E0864B2DA3F4F8E85F46C6E /* QRCodeGeneratorView.swift */ = {isa = PBXFileReference; lastKnownFileType = sourcecode.swift; path = QRCodeGeneratorView.swift; sourceTree = "<group>"; };
		6291211E05FA6DE8E2D768C3 /* CatModelTests.swift */ = {isa = PBXFileReference; lastKnownFileType = sourcecode.swift; path = CatModelTests.swift; sourceTree = "<group>"; };
		6BD4D371D2037F775E614F21 /* AnonymousMetric.swift */ = {isa = PBXFileReference; lastKnownFileType = sourcecode.swift; path = AnonymousMetric.swift; sourceTree = "<group>"; };
		6E2B32D62D94C6C686AC87E6 /* QuickSetupView.swift */ = {isa = PBXFileReference; lastKnownFileType = sourcecode.swift; path = QuickSetupView.swift; sourceTree = "<group>"; };
		6F24D6CE4EEA788E90CAED3B /* Assets.xcassets */ = {isa = PBXFileReference; lastKnownFileType = folder.assetcatalog; path = Assets.xcassets; sourceTree = "<group>"; };
		7450F1D65498198AD0B8B8F7 /* ActivitySession.swift */ = {isa = PBXFileReference; lastKnownFileType = sourcecode.swift; path = ActivitySession.swift; sourceTree = "<group>"; };
		7506E9F2586DE967B4328744 /* Cat.swift */ = {isa = PBXFileReference; lastKnownFileType = sourcecode.swift; path = Cat.swift; sourceTree = "<group>"; };
		790D613F60430339BA83D7B5 /* PortionCalculatorTests.swift */ = {isa = PBXFileReference; lastKnownFileType = sourcecode.swift; path = PortionCalculatorTests.swift; sourceTree = "<group>"; };
		839B0D4F02271B400A10D7B3 /* ProgressRing.swift */ = {isa = PBXFileReference; lastKnownFileType = sourcecode.swift; path = ProgressRing.swift; sourceTree = "<group>"; };
		9046DA2386FA3A8E6F64E7CA /* BrandActivationParamsTests.swift */ = {isa = PBXFileReference; lastKnownFileType = sourcecode.swift; path = BrandActivationParamsTests.swift; sourceTree = "<group>"; };
		93294A5299207FF59DC1FD8F /* CatWeightLoss.app */ = {isa = PBXFileReference; explicitFileType = wrapper.application; includeInIndex = 0; path = CatWeightLoss.app; sourceTree = BUILT_PRODUCTS_DIR; };
		94503218F0B04C9FB46AB6B3 /* AnalyticsDashboardView.swift */ = {isa = PBXFileReference; lastKnownFileType = sourcecode.swift; path = AnalyticsDashboardView.swift; sourceTree = "<group>"; };
		9E8A8ED42B05F4738BC8D6F9 /* FeedingSchedule.swift */ = {isa = PBXFileReference; lastKnownFileType = sourcecode.swift; path = FeedingSchedule.swift; sourceTree = "<group>"; };
		A0CFA17DCC5EBA9933C3BBFD /* CatWeightLossTests.xctest */ = {isa = PBXFileReference; explicitFileType = wrapper.cfbundle; includeInIndex = 0; path = CatWeightLossTests.xctest; sourceTree = BUILT_PRODUCTS_DIR; };
		AE9F11D7A92004DB83BB7221 /* MetricsAggregator.swift */ = {isa = PBXFileReference; lastKnownFileType = sourcecode.swift; path = MetricsAggregator.swift; sourceTree = "<group>"; };
		B4EA7AADC3C353E1DD9387FB /* DateFormatting.swift */ = {isa = PBXFileReference; lastKnownFileType = sourcecode.swift; path = DateFormatting.swift; sourceTree = "<group>"; };
		B763D5237CDC1F7F4F7FB32A /* WeightLogView.swift */ = {isa = PBXFileReference; lastKnownFileType = sourcecode.swift; path = WeightLogView.swift; sourceTree = "<group>"; };
		B911CFAE8B28CDC4D5C778D5 /* CatWeightLossApp.swift */ = {isa = PBXFileReference; lastKnownFileType = sourcecode.swift; path = CatWeightLossApp.swift; sourceTree = "<group>"; };
		BA8A4B2B4AE58000B2D8667C /* StatCard.swift */ = {isa = PBXFileReference; lastKnownFileType = sourcecode.swift; path = StatCard.swift; sourceTree = "<group>"; };
		BBF932E784289EC04B755212 /* ActivityHistoryView.swift */ = {isa = PBXFileReference; lastKnownFileType = sourcecode.swift; path = ActivityHistoryView.swift; sourceTree = "<group>"; };
		BD603BE224595B63568FECFB /* PortionCalculator.swift */ = {isa = PBXFileReference; lastKnownFileType = sourcecode.swift; path = PortionCalculator.swift; sourceTree = "<group>"; };
		C12D2BAECD9F7A7C87310966 /* CatCard.swift */ = {isa = PBXFileReference; lastKnownFileType = sourcecode.swift; path = CatCard.swift; sourceTree = "<group>"; };
		C6AB6D24AED64876A85FA43B /* BrandSeedData.swift */ = {isa = PBXFileReference; lastKnownFileType = sourcecode.swift; path = BrandSeedData.swift; sourceTree = "<group>"; };
		CD44C49B4CBF637A06CBD070 /* BrandConfiguration.swift */ = {isa = PBXFileReference; lastKnownFileType = sourcecode.swift; path = BrandConfiguration.swift; sourceTree = "<group>"; };
		CE5548CB266784BF6759F01A /* Info.plist */ = {isa = PBXFileReference; lastKnownFileType = text.plist; path = Info.plist; sourceTree = "<group>"; };
		D0B122CAFB3264DBCAD69ABF /* WeightEntry.swift */ = {isa = PBXFileReference; lastKnownFileType = sourcecode.swift; path = WeightEntry.swift; sourceTree = "<group>"; };
		D0FA20D9689FC4C04AABAF3C /* AnonymousMetricTests.swift */ = {isa = PBXFileReference; lastKnownFileType = sourcecode.swift; path = AnonymousMetricTests.swift; sourceTree = "<group>"; };
		D4E5F6A7B8C9D0E1F2A3B4C5 /* AnalyticsDashboardView.swift */ = {isa = PBXFileReference; lastKnownFileType = sourcecode.swift; path = AnalyticsDashboardView.swift; sourceTree = "<group>"; };
		D73E85C43A9D366598DA75D7 /* PortionCalculatorView.swift */ = {isa = PBXFileReference; lastKnownFileType = sourcecode.swift; path = PortionCalculatorView.swift; sourceTree = "<group>"; };
		E3819823577F463BBE1ABD02 /* BrandSwitcherView.swift */ = {isa = PBXFileReference; lastKnownFileType = sourcecode.swift; path = BrandSwitcherView.swift; sourceTree = "<group>"; };
		EAB502E9D43A498DAD2EA4E7 /* AdminHubView.swift */ = {isa = PBXFileReference; lastKnownFileType = sourcecode.swift; path = AdminHubView.swift; sourceTree = "<group>"; };
		F133E527F53400CD130D9F78 /* ActionButton.swift */ = {isa = PBXFileReference; lastKnownFileType = sourcecode.swift; path = ActionButton.swift; sourceTree = "<group>"; };
		F3D03BDFE2641262C8C79825 /* BrandConfigService.swift */ = {isa = PBXFileReference; lastKnownFileType = sourcecode.swift; path = BrandConfigService.swift; sourceTree = "<group>"; };
		F5277E209FCD71803BE7BB86 /* FoodSKU.swift */ = {isa = PBXFileReference; lastKnownFileType = sourcecode.swift; path = FoodSKU.swift; sourceTree = "<group>"; };
/* End PBXFileReference section */

/* Begin PBXGroup section */
		19547C6C078447A5AB9266D5 /* Reorder */ = {
			isa = PBXGroup;
			children = (
				35089827C47549CBA4E45EAB /* ReorderView.swift */,
			);
			path = Reorder;
			sourceTree = "<group>";
		};
		1E12AAD9F4ECC8D15CEC9940 /* Models */ = {
			isa = PBXGroup;
			children = (
				7450F1D65498198AD0B8B8F7 /* ActivitySession.swift */,
				6BD4D371D2037F775E614F21 /* AnonymousMetric.swift */,
				CD44C49B4CBF637A06CBD070 /* BrandConfiguration.swift */,
				7506E9F2586DE967B4328744 /* Cat.swift */,
				171E684AD5B0DF895C89B2F9 /* Enums.swift */,
				9E8A8ED42B05F4738BC8D6F9 /* FeedingSchedule.swift */,
				F5277E209FCD71803BE7BB86 /* FoodSKU.swift */,
				D0B122CAFB3264DBCAD69ABF /* WeightEntry.swift */,
				0EB6B7E228A646C0A64C4DBB /* Retailer.swift */,
			);
			path = Models;
			sourceTree = "<group>";
		};
		2883A7AC21BBECD88B71174A /* Settings */ = {
			isa = PBXGroup;
			children = (
				D4E5F6A7B8C9D0E1F2A3B4C5 /* AnalyticsDashboardView.swift */,
				E3819823577F463BBE1ABD02 /* BrandSwitcherView.swift */,
				EAB502E9D43A498DAD2EA4E7 /* AdminHubView.swift */,
				5E0864B2DA3F4F8E85F46C6E /* QRCodeGeneratorView.swift */,
				94503218F0B04C9FB46AB6B3 /* AnalyticsDashboardView.swift */,
			);
			path = Settings;
			sourceTree = "<group>";
		};
		322F2C74147CDE4511BBCFAA /* CatWeightLoss */ = {
			isa = PBXGroup;
			children = (
				B911CFAE8B28CDC4D5C778D5 /* CatWeightLossApp.swift */,
				CE5548CB266784BF6759F01A /* Info.plist */,
				F094EEA5202BEB1CDFCC4812 /* Components */,
				1E12AAD9F4ECC8D15CEC9940 /* Models */,
				C383DBD5AB33671C6E6A522B /* Resources */,
				66458074C1F020D84B9A7C31 /* Services */,
				F9ADFE43BE9CFB178433B1D2 /* ViewModels */,
				360F5860E2CBA50D5B5AD7C5 /* Views */,
			);
			path = CatWeightLoss;
			sourceTree = "<group>";
		};
		360F5860E2CBA50D5B5AD7C5 /* Views */ = {
			isa = PBXGroup;
			children = (
				0CE753AB985E15A339BAD7C5 /* CatDetailView.swift */,
				CC4EE09A0149988759F88A03 /* Activity */,
				FE9DA4CC664DCC2B01A0070A /* Feeding */,
				54B58AD4DDF20EF251FD4841 /* Onboarding */,
				2883A7AC21BBECD88B71174A /* Settings */,
				77775001076A856FE49DCAA5 /* Weight */,
				19547C6C078447A5AB9266D5 /* Reorder */,
			);
			path = Views;
			sourceTree = "<group>";
		};
		54B58AD4DDF20EF251FD4841 /* Onboarding */ = {
			isa = PBXGroup;
			children = (
				10C4BECA82F6C6719D7226D8 /* BrandSplashView.swift */,
				6E2B32D62D94C6C686AC87E6 /* QuickSetupView.swift */,
			);
			path = Onboarding;
			sourceTree = "<group>";
		};
		66458074C1F020D84B9A7C31 /* Services */ = {
			isa = PBXGroup;
			children = (
				F3D03BDFE2641262C8C79825 /* BrandConfigService.swift */,
				B4EA7AADC3C353E1DD9387FB /* DateFormatting.swift */,
				AE9F11D7A92004DB83BB7221 /* MetricsAggregator.swift */,
				BD603BE224595B63568FECFB /* PortionCalculator.swift */,
				C6AB6D24AED64876A85FA43B /* BrandSeedData.swift */,
			);
			path = Services;
			sourceTree = "<group>";
		};
		7199B8522BFE4AA169E3D903 /* CatWeightLossTests */ = {
			isa = PBXGroup;
			children = (
				D0FA20D9689FC4C04AABAF3C /* AnonymousMetricTests.swift */,
				9046DA2386FA3A8E6F64E7CA /* BrandActivationParamsTests.swift */,
				6291211E05FA6DE8E2D768C3 /* CatModelTests.swift */,
				2810795617DAC3DF5F2156F8 /* CatWeightLossTests.swift */,
				790D613F60430339BA83D7B5 /* PortionCalculatorTests.swift */,
			);
			path = CatWeightLossTests;
			sourceTree = "<group>";
		};
		77775001076A856FE49DCAA5 /* Weight */ = {
			isa = PBXGroup;
			children = (
				37374614D6001E15D3988D72 /* WeightChartView.swift */,
				329911AE9966A1FB69973795 /* WeightHistoryView.swift */,
				B763D5237CDC1F7F4F7FB32A /* WeightLogView.swift */,
			);
			path = Weight;
			sourceTree = "<group>";
		};
		87CB3EF6E29CC21E154C7044 /* Products */ = {
			isa = PBXGroup;
			children = (
				93294A5299207FF59DC1FD8F /* CatWeightLoss.app */,
				A0CFA17DCC5EBA9933C3BBFD /* CatWeightLossTests.xctest */,
			);
			name = Products;
			sourceTree = "<group>";
		};
		C383DBD5AB33671C6E6A522B /* Resources */ = {
			isa = PBXGroup;
			children = (
				6F24D6CE4EEA788E90CAED3B /* Assets.xcassets */,
			);
			path = Resources;
			sourceTree = "<group>";
		};
		C9CB4F86A8BE0986BDF4856B = {
			isa = PBXGroup;
			children = (
				322F2C74147CDE4511BBCFAA /* CatWeightLoss */,
				7199B8522BFE4AA169E3D903 /* CatWeightLossTests */,
				87CB3EF6E29CC21E154C7044 /* Products */,
			);
			sourceTree = "<group>";
		};
		CC4EE09A0149988759F88A03 /* Activity */ = {
			isa = PBXGroup;
			children = (
				BBF932E784289EC04B755212 /* ActivityHistoryView.swift */,
				34F26D164434411BDCF654B6 /* ActivityLogView.swift */,
			);
			path = Activity;
			sourceTree = "<group>";
		};
		F094EEA5202BEB1CDFCC4812 /* Components */ = {
			isa = PBXGroup;
			children = (
				F133E527F53400CD130D9F78 /* ActionButton.swift */,
				C12D2BAECD9F7A7C87310966 /* CatCard.swift */,
				118CC865A866409AC112A73F /* DatabaseErrorView.swift */,
				839B0D4F02271B400A10D7B3 /* ProgressRing.swift */,
				BA8A4B2B4AE58000B2D8667C /* StatCard.swift */,
				0142F7BDCD86E4B59B3D5080 /* ViewModifiers.swift */,
				02677A0ABD6F050D60D67BE2 /* WeightTrendIndicator.swift */,
			);
			path = Components;
			sourceTree = "<group>";
		};
		F9ADFE43BE9CFB178433B1D2 /* ViewModels */ = {
			isa = PBXGroup;
			children = (
			);
			path = ViewModels;
			sourceTree = "<group>";
		};
		FE9DA4CC664DCC2B01A0070A /* Feeding */ = {
			isa = PBXGroup;
			children = (
				55C73EB961BE3E4C15CB0987 /* FeedingPlanView.swift */,
				D73E85C43A9D366598DA75D7 /* PortionCalculatorView.swift */,
			);
			path = Feeding;
			sourceTree = "<group>";
		};
/* End PBXGroup section */

/* Begin PBXNativeTarget section */
		2149E687C4EDA57CF629554C /* CatWeightLossTests */ = {
			isa = PBXNativeTarget;
			buildConfigurationList = F66725E4992E8E70156A1477 /* Build configuration list for PBXNativeTarget "CatWeightLossTests" */;
			buildPhases = (
				BF2286054C4A33A3CC27CC6F /* Sources */,
			);
			buildRules = (
			);
			dependencies = (
				3FE332D242F7D1B5832C843D /* PBXTargetDependency */,
			);
			name = CatWeightLossTests;
			packageProductDependencies = (
			);
			productName = CatWeightLossTests;
			productReference = A0CFA17DCC5EBA9933C3BBFD /* CatWeightLossTests.xctest */;
			productType = "com.apple.product-type.bundle.unit-test";
		};
		699F0D6FBABCA3EAD0B1DDFC /* CatWeightLoss */ = {
			isa = PBXNativeTarget;
			buildConfigurationList = 00767DABDC48D99D69C227B7 /* Build configuration list for PBXNativeTarget "CatWeightLoss" */;
			buildPhases = (
				48C67BCB75FC6D7E8769DEB1 /* Sources */,
				CAC6B65A860E7B9E88EBCC68 /* Resources */,
			);
			buildRules = (
			);
			dependencies = (
			);
			name = CatWeightLoss;
			packageProductDependencies = (
				462A6D052F1A073500753A47 /* FirebaseAnalytics */,
			);
			productName = CatWeightLoss;
			productReference = 93294A5299207FF59DC1FD8F /* CatWeightLoss.app */;
			productType = "com.apple.product-type.application";
		};
/* End PBXNativeTarget section */

/* Begin PBXProject section */
		52A4286902BBB2EF28215798 /* Project object */ = {
			isa = PBXProject;
			attributes = {
				BuildIndependentTargetsInParallel = YES;
				LastUpgradeCheck = 1500;
			};
			buildConfigurationList = 94AD92CFE00E9BD8D0004FA6 /* Build configuration list for PBXProject "CatWeightLoss" */;
			compatibilityVersion = "Xcode 14.0";
			developmentRegion = en;
			hasScannedForEncodings = 0;
			knownRegions = (
				Base,
				en,
			);
			mainGroup = C9CB4F86A8BE0986BDF4856B;
			minimizedProjectReferenceProxies = 1;
			packageReferences = (
				462A6D042F1A073500753A47 /* XCRemoteSwiftPackageReference "firebase-ios-sdk" */,
			);
			projectDirPath = "";
			projectRoot = "";
			targets = (
				699F0D6FBABCA3EAD0B1DDFC /* CatWeightLoss */,
				2149E687C4EDA57CF629554C /* CatWeightLossTests */,
			);
		};
/* End PBXProject section */

/* Begin PBXResourcesBuildPhase section */
		CAC6B65A860E7B9E88EBCC68 /* Resources */ = {
			isa = PBXResourcesBuildPhase;
			buildActionMask = 2147483647;
			files = (
				EB4716863F7E7C94F6EFF325 /* Assets.xcassets in Resources */,
			);
			runOnlyForDeploymentPostprocessing = 0;
		};
/* End PBXResourcesBuildPhase section */

/* Begin PBXSourcesBuildPhase section */
		48C67BCB75FC6D7E8769DEB1 /* Sources */ = {
			isa = PBXSourcesBuildPhase;
			buildActionMask = 2147483647;
			files = (
				9D612D1BF954466792B7135A /* AdminHubView.swift in Sources */,
				FD4F2FC910AC432FA97A16D4 /* QRCodeGeneratorView.swift in Sources */,
				E63A13F534A6416D8D904B2B /* AnalyticsDashboardView.swift in Sources */,
				A1B2C3D4E5F64789ABCD1234 /* AnalyticsDashboardView.swift in Sources */,
				238F5D2FC1A54A459DBC6004 /* BrandSeedData.swift in Sources */,
				4A183D2E26344E1B9CEEDB1B /* BrandSwitcherView.swift in Sources */,
				34F20DA548963E711345C1EC /* ActionButton.swift in Sources */,
				1AAAB9ED2C30C0C48A90DADC /* ActivityHistoryView.swift in Sources */,
				7F7813F6985D42EB67220674 /* ActivityLogView.swift in Sources */,
				272D38949B8C41491A7AA538 /* ActivitySession.swift in Sources */,
				6B4B3D477215503102302043 /* AnonymousMetric.swift in Sources */,
				F00044275E89D501DE4894DD /* BrandConfigService.swift in Sources */,
				604B9F705E105A910B36B32D /* BrandConfiguration.swift in Sources */,
				3704029EC126CC989D329E6B /* BrandSplashView.swift in Sources */,
				75617A34CD43B05A29493BE6 /* Cat.swift in Sources */,
				3BA5ACDFBC1E1F6C3C812B0B /* CatCard.swift in Sources */,
				49F3D250C843C82547B79E7C /* CatDetailView.swift in Sources */,
				89C8085AAD79798A66D2CC04 /* CatWeightLossApp.swift in Sources */,
				861DCE475B0B16A9948EF236 /* DatabaseErrorView.swift in Sources */,
				0D239C1B547710C4FA954230 /* DateFormatting.swift in Sources */,
				9BD34A1F502DD68EFD7E6087 /* Enums.swift in Sources */,
				ADC329558B1F8568CC9E1F21 /* FeedingPlanView.swift in Sources */,
				7E0CA0BF0A3BA0D61C6D1A95 /* FeedingSchedule.swift in Sources */,
				A9A754D1398BE14512FE7D85 /* FoodSKU.swift in Sources */,
				EF40AFAB64F5BDA50219FE09 /* MetricsAggregator.swift in Sources */,
				17749D069276486385764283 /* PortionCalculator.swift in Sources */,
				CC59D9EE7489BA847FF05918 /* PortionCalculatorView.swift in Sources */,
				A682144AA75ABBD8D3078688 /* ProgressRing.swift in Sources */,
				7B095C263BC13129FD9113B3 /* QuickSetupView.swift in Sources */,
				48EFEF236FE3266C660D418A /* StatCard.swift in Sources */,
				FD43A0DA71C69F782BE19576 /* ViewModifiers.swift in Sources */,
				DC3B15FB1716CED8DCE31B37 /* WeightChartView.swift in Sources */,
				BAB7C0F800B7BF5C0C3C394A /* WeightEntry.swift in Sources */,
				A27838F488E118A6A7FED429 /* WeightHistoryView.swift in Sources */,
				F10ABFAD27893B452EA1645E /* WeightLogView.swift in Sources */,
				92914C87D6F759E541CEC603 /* WeightTrendIndicator.swift in Sources */,
				AB89F06219D74F45A59B2195 /* Retailer.swift in Sources */,
				780B95BB905F49FA9CCE2F16 /* ReorderView.swift in Sources */,
			);
			runOnlyForDeploymentPostprocessing = 0;
		};
		BF2286054C4A33A3CC27CC6F /* Sources */ = {
			isa = PBXSourcesBuildPhase;
			buildActionMask = 2147483647;
			files = (
				462A6CFD2F15AE4300753A47 /* AdminHubView.swift in Sources */,
				462A6CFE2F15AE4300753A47 /* QRCodeGeneratorView.swift in Sources */,
				462A6CFF2F15AE4300753A47 /* AnalyticsDashboardView.swift in Sources */,
				462A6D002F15AE4300753A47 /* BrandSeedData.swift in Sources */,
				462A6D012F15AE4300753A47 /* BrandSwitcherView.swift in Sources */,
				B255C9952B4F3A37A27CFB2D /* AnonymousMetricTests.swift in Sources */,
				428253AFABC7DC3D89DD9FE9 /* BrandActivationParamsTests.swift in Sources */,
				4A872B9A717C0CB1D3CF8116 /* CatModelTests.swift in Sources */,
				596EAC61B8DEDE46A02408A0 /* CatWeightLossTests.swift in Sources */,
				5382C1C8D883432E3257B11A /* PortionCalculatorTests.swift in Sources */,
				462A6D022F15AE4300753A47 /* Retailer.swift in Sources */,
				462A6D032F15AE4300753A47 /* ReorderView.swift in Sources */,
			);
			runOnlyForDeploymentPostprocessing = 0;
		};
/* End PBXSourcesBuildPhase section */

/* Begin PBXTargetDependency section */
		3FE332D242F7D1B5832C843D /* PBXTargetDependency */ = {
			isa = PBXTargetDependency;
			target = 699F0D6FBABCA3EAD0B1DDFC /* CatWeightLoss */;
			targetProxy = A5BF8E3B041942FA9910A474 /* PBXContainerItemProxy */;
		};
/* End PBXTargetDependency section */

/* Begin XCBuildConfiguration section */
		1DB78A2A195F93558E98EEB5 /* Debug */ = {
			isa = XCBuildConfiguration;
			buildSettings = {
				ASSETCATALOG_COMPILER_APPICON_NAME = AppIcon;
				ASSETCATALOG_COMPILER_GLOBAL_ACCENT_COLOR_NAME = AccentColor;
				CODE_SIGN_IDENTITY = "iPhone Developer";
				DEVELOPMENT_TEAM = 6VK8YY2QUW;
				GENERATE_INFOPLIST_FILE = NO;
				INFOPLIST_FILE = CatWeightLoss/Info.plist;
				LD_RUNPATH_SEARCH_PATHS = (
					"$(inherited)",
					"@executable_path/Frameworks",
				);
				PRODUCT_BUNDLE_IDENTIFIER = com.catweightloss.app;
				SDKROOT = iphoneos;
				SWIFT_EMIT_LOC_STRINGS = YES;
				TARGETED_DEVICE_FAMILY = "1,2";
			};
			name = Debug;
		};
		2026A70536DD15720618A799 /* Release */ = {
			isa = XCBuildConfiguration;
			buildSettings = {
				ALWAYS_SEARCH_USER_PATHS = NO;
				CLANG_ANALYZER_NONNULL = YES;
				CLANG_ANALYZER_NUMBER_OBJECT_CONVERSION = YES_AGGRESSIVE;
				CLANG_CXX_LANGUAGE_STANDARD = "gnu++14";
				CLANG_CXX_LIBRARY = "libc++";
				CLANG_ENABLE_MODULES = YES;
				CLANG_ENABLE_OBJC_ARC = YES;
				CLANG_ENABLE_OBJC_WEAK = YES;
				CLANG_WARN_BLOCK_CAPTURE_AUTORELEASING = YES;
				CLANG_WARN_BOOL_CONVERSION = YES;
				CLANG_WARN_COMMA = YES;
				CLANG_WARN_CONSTANT_CONVERSION = YES;
				CLANG_WARN_DEPRECATED_OBJC_IMPLEMENTATIONS = YES;
				CLANG_WARN_DIRECT_OBJC_ISA_USAGE = YES_ERROR;
				CLANG_WARN_DOCUMENTATION_COMMENTS = YES;
				CLANG_WARN_EMPTY_BODY = YES;
				CLANG_WARN_ENUM_CONVERSION = YES;
				CLANG_WARN_INFINITE_RECURSION = YES;
				CLANG_WARN_INT_CONVERSION = YES;
				CLANG_WARN_NON_LITERAL_NULL_CONVERSION = YES;
				CLANG_WARN_OBJC_IMPLICIT_RETAIN_SELF = YES;
				CLANG_WARN_OBJC_LITERAL_CONVERSION = YES;
				CLANG_WARN_OBJC_ROOT_CLASS = YES_ERROR;
				CLANG_WARN_QUOTED_INCLUDE_IN_FRAMEWORK_HEADER = YES;
				CLANG_WARN_RANGE_LOOP_ANALYSIS = YES;
				CLANG_WARN_STRICT_PROTOTYPES = YES;
				CLANG_WARN_SUSPICIOUS_MOVE = YES;
				CLANG_WARN_UNGUARDED_AVAILABILITY = YES_AGGRESSIVE;
				CLANG_WARN_UNREACHABLE_CODE = YES;
				CLANG_WARN__DUPLICATE_METHOD_MATCH = YES;
				COPY_PHASE_STRIP = NO;
				CURRENT_PROJECT_VERSION = 1;
				DEBUG_INFORMATION_FORMAT = "dwarf-with-dsym";
				DEVELOPMENT_TEAM = "";
				ENABLE_NS_ASSERTIONS = NO;
				ENABLE_STRICT_OBJC_MSGSEND = YES;
				GCC_C_LANGUAGE_STANDARD = gnu11;
				GCC_NO_COMMON_BLOCKS = YES;
				GCC_WARN_64_TO_32_BIT_CONVERSION = YES;
				GCC_WARN_ABOUT_RETURN_TYPE = YES_ERROR;
				GCC_WARN_UNDECLARED_SELECTOR = YES;
				GCC_WARN_UNINITIALIZED_AUTOS = YES_AGGRESSIVE;
				GCC_WARN_UNUSED_FUNCTION = YES;
				GCC_WARN_UNUSED_VARIABLE = YES;
				IPHONEOS_DEPLOYMENT_TARGET = 17.0;
				MARKETING_VERSION = 1.0.0;
				MTL_ENABLE_DEBUG_INFO = NO;
				MTL_FAST_MATH = YES;
				PRODUCT_NAME = "$(TARGET_NAME)";
				SDKROOT = iphoneos;
				SWIFT_COMPILATION_MODE = wholemodule;
				SWIFT_OPTIMIZATION_LEVEL = "-O";
				SWIFT_VERSION = 5.9;
			};
			name = Release;
		};
		293BD847680518097D619DEE /* Debug */ = {
			isa = XCBuildConfiguration;
			buildSettings = {
				BUNDLE_LOADER = "$(TEST_HOST)";
				DEVELOPMENT_TEAM = 6VK8YY2QUW;
				GENERATE_INFOPLIST_FILE = YES;
				LD_RUNPATH_SEARCH_PATHS = (
					"$(inherited)",
					"@executable_path/Frameworks",
					"@loader_path/Frameworks",
				);
				PRODUCT_BUNDLE_IDENTIFIER = com.catweightloss.tests;
				SDKROOT = iphoneos;
				TARGETED_DEVICE_FAMILY = "1,2";
				TEST_HOST = "$(BUILT_PRODUCTS_DIR)/CatWeightLoss.app/$(BUNDLE_EXECUTABLE_FOLDER_PATH)/CatWeightLoss";
			};
			name = Debug;
		};
		653F5D0F72222633C813F44A /* Debug */ = {
			isa = XCBuildConfiguration;
			buildSettings = {
				ALWAYS_SEARCH_USER_PATHS = NO;
				CLANG_ANALYZER_NONNULL = YES;
				CLANG_ANALYZER_NUMBER_OBJECT_CONVERSION = YES_AGGRESSIVE;
				CLANG_CXX_LANGUAGE_STANDARD = "gnu++14";
				CLANG_CXX_LIBRARY = "libc++";
				CLANG_ENABLE_MODULES = YES;
				CLANG_ENABLE_OBJC_ARC = YES;
				CLANG_ENABLE_OBJC_WEAK = YES;
				CLANG_WARN_BLOCK_CAPTURE_AUTORELEASING = YES;
				CLANG_WARN_BOOL_CONVERSION = YES;
				CLANG_WARN_COMMA = YES;
				CLANG_WARN_CONSTANT_CONVERSION = YES;
				CLANG_WARN_DEPRECATED_OBJC_IMPLEMENTATIONS = YES;
				CLANG_WARN_DIRECT_OBJC_ISA_USAGE = YES_ERROR;
				CLANG_WARN_DOCUMENTATION_COMMENTS = YES;
				CLANG_WARN_EMPTY_BODY = YES;
				CLANG_WARN_ENUM_CONVERSION = YES;
				CLANG_WARN_INFINITE_RECURSION = YES;
				CLANG_WARN_INT_CONVERSION = YES;
				CLANG_WARN_NON_LITERAL_NULL_CONVERSION = YES;
				CLANG_WARN_OBJC_IMPLICIT_RETAIN_SELF = YES;
				CLANG_WARN_OBJC_LITERAL_CONVERSION = YES;
				CLANG_WARN_OBJC_ROOT_CLASS = YES_ERROR;
				CLANG_WARN_QUOTED_INCLUDE_IN_FRAMEWORK_HEADER = YES;
				CLANG_WARN_RANGE_LOOP_ANALYSIS = YES;
				CLANG_WARN_STRICT_PROTOTYPES = YES;
				CLANG_WARN_SUSPICIOUS_MOVE = YES;
				CLANG_WARN_UNGUARDED_AVAILABILITY = YES_AGGRESSIVE;
				CLANG_WARN_UNREACHABLE_CODE = YES;
				CLANG_WARN__DUPLICATE_METHOD_MATCH = YES;
				COPY_PHASE_STRIP = NO;
				CURRENT_PROJECT_VERSION = 1;
				DEBUG_INFORMATION_FORMAT = dwarf;
				DEVELOPMENT_TEAM = "";
				ENABLE_STRICT_OBJC_MSGSEND = YES;
				ENABLE_TESTABILITY = YES;
				GCC_C_LANGUAGE_STANDARD = gnu11;
				GCC_DYNAMIC_NO_PIC = NO;
				GCC_NO_COMMON_BLOCKS = YES;
				GCC_OPTIMIZATION_LEVEL = 0;
				GCC_PREPROCESSOR_DEFINITIONS = (
					"$(inherited)",
					"DEBUG=1",
				);
				GCC_WARN_64_TO_32_BIT_CONVERSION = YES;
				GCC_WARN_ABOUT_RETURN_TYPE = YES_ERROR;
				GCC_WARN_UNDECLARED_SELECTOR = YES;
				GCC_WARN_UNINITIALIZED_AUTOS = YES_AGGRESSIVE;
				GCC_WARN_UNUSED_FUNCTION = YES;
				GCC_WARN_UNUSED_VARIABLE = YES;
				IPHONEOS_DEPLOYMENT_TARGET = 17.0;
				MARKETING_VERSION = 1.0.0;
				MTL_ENABLE_DEBUG_INFO = INCLUDE_SOURCE;
				MTL_FAST_MATH = YES;
				ONLY_ACTIVE_ARCH = YES;
				PRODUCT_NAME = "$(TARGET_NAME)";
				SDKROOT = iphoneos;
				SWIFT_ACTIVE_COMPILATION_CONDITIONS = DEBUG;
				SWIFT_OPTIMIZATION_LEVEL = "-Onone";
				SWIFT_VERSION = 5.9;
			};
			name = Debug;
		};
		B2EA0E6864A63C23117AD2D8 /* Release */ = {
			isa = XCBuildConfiguration;
			buildSettings = {
				ASSETCATALOG_COMPILER_APPICON_NAME = AppIcon;
				ASSETCATALOG_COMPILER_GLOBAL_ACCENT_COLOR_NAME = AccentColor;
				CODE_SIGN_IDENTITY = "iPhone Developer";
				DEVELOPMENT_TEAM = 6VK8YY2QUW;
				GENERATE_INFOPLIST_FILE = NO;
				INFOPLIST_FILE = CatWeightLoss/Info.plist;
				LD_RUNPATH_SEARCH_PATHS = (
					"$(inherited)",
					"@executable_path/Frameworks",
				);
				PRODUCT_BUNDLE_IDENTIFIER = com.catweightloss.app;
				SDKROOT = iphoneos;
				SWIFT_EMIT_LOC_STRINGS = YES;
				TARGETED_DEVICE_FAMILY = "1,2";
			};
			name = Release;
		};
		EC14FFD22E7C4711B4B70E54 /* Release */ = {
			isa = XCBuildConfiguration;
			buildSettings = {
				BUNDLE_LOADER = "$(TEST_HOST)";
				DEVELOPMENT_TEAM = 6VK8YY2QUW;
				GENERATE_INFOPLIST_FILE = YES;
				LD_RUNPATH_SEARCH_PATHS = (
					"$(inherited)",
					"@executable_path/Frameworks",
					"@loader_path/Frameworks",
				);
				PRODUCT_BUNDLE_IDENTIFIER = com.catweightloss.tests;
				SDKROOT = iphoneos;
				TARGETED_DEVICE_FAMILY = "1,2";
				TEST_HOST = "$(BUILT_PRODUCTS_DIR)/CatWeightLoss.app/$(BUNDLE_EXECUTABLE_FOLDER_PATH)/CatWeightLoss";
			};
			name = Release;
		};
/* End XCBuildConfiguration section */

/* Begin XCConfigurationList section */
		00767DABDC48D99D69C227B7 /* Build configuration list for PBXNativeTarget "CatWeightLoss" */ = {
			isa = XCConfigurationList;
			buildConfigurations = (
				1DB78A2A195F93558E98EEB5 /* Debug */,
				B2EA0E6864A63C23117AD2D8 /* Release */,
			);
			defaultConfigurationIsVisible = 0;
			defaultConfigurationName = Debug;
		};
		94AD92CFE00E9BD8D0004FA6 /* Build configuration list for PBXProject "CatWeightLoss" */ = {
			isa = XCConfigurationList;
			buildConfigurations = (
				653F5D0F72222633C813F44A /* Debug */,
				2026A70536DD15720618A799 /* Release */,
			);
			defaultConfigurationIsVisible = 0;
			defaultConfigurationName = Debug;
		};
		F66725E4992E8E70156A1477 /* Build configuration list for PBXNativeTarget "CatWeightLossTests" */ = {
			isa = XCConfigurationList;
			buildConfigurations = (
				293BD847680518097D619DEE /* Debug */,
				EC14FFD22E7C4711B4B70E54 /* Release */,
			);
			defaultConfigurationIsVisible = 0;
			defaultConfigurationName = Debug;
		};
/* End XCConfigurationList section */

/* Begin XCRemoteSwiftPackageReference section */
		462A6D042F1A073500753A47 /* XCRemoteSwiftPackageReference "firebase-ios-sdk" */ = {
			isa = XCRemoteSwiftPackageReference;
			repositoryURL = "https://github.com/firebase/firebase-ios-sdk";
			requirement = {
				kind = upToNextMajorVersion;
				minimumVersion = 12.8.0;
			};
		};
/* End XCRemoteSwiftPackageReference section */

/* Begin XCSwiftPackageProductDependency section */
		462A6D052F1A073500753A47 /* FirebaseAnalytics */ = {
			isa = XCSwiftPackageProductDependency;
			package = 462A6D042F1A073500753A47 /* XCRemoteSwiftPackageReference "firebase-ios-sdk" */;
			productName = FirebaseAnalytics;
		};
/* End XCSwiftPackageProductDependency section */
	};
	rootObject = 52A4286902BBB2EF28215798 /* Project object */;
}
